
Microsoft Visual Studio Solution File, Format Version 12.00
# Visual Studio Version 17
VisualStudioVersion = 17.7.34009.444
MinimumVisualStudioVersion = 10.0.40219.1
Project("{FAE04EC0-301F-11D3-BF4B-00C04F79EFBC}") = "MayFairBankApp", "MayFairBankApp\MayFairBankApp.csproj", "{2764D9AD-CD7C-430E-B355-09A17151C7F0}"
EndProject
Global
	GlobalSection(SolutionConfigurationPlatforms) = preSolution
		Debug|Any CPU = Debug|Any CPU
		Release|Any CPU = Release|Any CPU
	EndGlobalSection
	GlobalSection(ProjectConfigurationPlatforms) = postSolution
		{2764D9AD-CD7C-430E-B355-09A17151C7F0}.Debug|Any CPU.ActiveCfg = Debug|Any CPU
		{2764D9AD-CD7C-430E-B355-09A17151C7F0}.Debug|Any CPU.Build.0 = Debug|Any CPU
		{2764D9AD-CD7C-430E-B355-09A17151C7F0}.Release|Any CPU.ActiveCfg = Release|Any CPU
		{2764D9AD-CD7C-430E-B355-09A17151C7F0}.Release|Any CPU.Build.0 = Release|Any CPU
	EndGlobalSection
	GlobalSection(SolutionProperties) = preSolution
		HideSolutionNode = FALSE
	EndGlobalSection
	GlobalSection(ExtensibilityGlobals) = postSolution
		SolutionGuid = {648EBA57-B054-4A9A-BD93-EE17141056A3}
	EndGlobalSection
EndGlobal
